
Microsoft Visual Studio Solution File, Format Version 12.00
# Visual Studio 15
VisualStudioVersion = 15.0.28010.2046
MinimumVisualStudioVersion = 10.0.40219.1
Project("{FAE04EC0-301F-11D3-BF4B-00C04F79EFBC}") = "DemoCICDApp", "DemoCICDApp\DemoCICDApp.csproj", "{4D0479D1-8A50-4F46-882F-933659CEFD15}"
EndProject
Global
	GlobalSection(SolutionConfigurationPlatforms) = preSolution
		Debug|Any CPU = Debug|Any CPU
		Release|Any CPU = Release|Any CPU
	EndGlobalSection
	GlobalSection(ProjectConfigurationPlatforms) = postSolution
		{4D0479D1-8A50-4F46-882F-933659CEFD15}.Debug|Any CPU.ActiveCfg = Debug|Any CPU
		{4D0479D1-8A50-4F46-882F-933659CEFD15}.Debug|Any CPU.Build.0 = Debug|Any CPU
		{4D0479D1-8A50-4F46-882F-933659CEFD15}.Release|Any CPU.ActiveCfg = Release|Any CPU
		{4D0479D1-8A50-4F46-882F-933659CEFD15}.Release|Any CPU.Build.0 = Release|Any CPU
	EndGlobalSection
	GlobalSection(SolutionProperties) = preSolution
		HideSolutionNode = FALSE
	EndGlobalSection
	GlobalSection(ExtensibilityGlobals) = postSolution
		SolutionGuid = {E53E3856-47FD-4E07-AAAC-BCCFCC06D0C7}
	EndGlobalSection
EndGlobal
